
Microsoft Visual Studio Solution File, Format Version 12.00
# Visual Studio 15
VisualStudioVersion = 15.0.28307.136
MinimumVisualStudioVersion = 10.0.40219.1
Project("{FAE04EC0-301F-11D3-BF4B-00C04F79EFBC}") = "App1", "App1\App1.csproj", "{AF61C611-3E2D-4264-B6BF-E88719FD331C}"
EndProject
Global
	GlobalSection(SolutionConfigurationPlatforms) = preSolution
		Debug|Any CPU = Debug|Any CPU
		Release|Any CPU = Release|Any CPU
	EndGlobalSection
	GlobalSection(ProjectConfigurationPlatforms) = postSolution
		{AF61C611-3E2D-4264-B6BF-E88719FD331C}.Debug|Any CPU.ActiveCfg = Debug|Any CPU
		{AF61C611-3E2D-4264-B6BF-E88719FD331C}.Debug|Any CPU.Build.0 = Debug|Any CPU
		{AF61C611-3E2D-4264-B6BF-E88719FD331C}.Release|Any CPU.ActiveCfg = Release|Any CPU
		{AF61C611-3E2D-4264-B6BF-E88719FD331C}.Release|Any CPU.Build.0 = Release|Any CPU
	EndGlobalSection
	GlobalSection(SolutionProperties) = preSolution
		HideSolutionNode = FALSE
	EndGlobalSection
	GlobalSection(ExtensibilityGlobals) = postSolution
		SolutionGuid = {847C20ED-30A4-41DE-A56F-5814F13442AA}
	EndGlobalSection
EndGlobal
